
Microsoft Visual Studio Solution File, Format Version 12.00
# Visual Studio Version 17
VisualStudioVersion = 17.0.31903.59
MinimumVisualStudioVersion = 10.0.40219.1
Project("{FAE04EC0-301F-11D3-BF4B-00C04F79EFBC}") = "Documento.BR.Extensions.FluentValidation", "Documento.BR.Extensions.FluentValidation\Documento.BR.Extensions.FluentValidation.csproj", "{8DB5A22F-7699-4E96-A65B-5016ECFAEF0C}"
EndProject
Project("{2150E333-8FDC-42A3-9474-1A3956D46DE8}") = "tests", "tests", "{90183E3F-A5CC-4C48-B1C5-D92ADC1E1322}"
EndProject
Project("{FAE04EC0-301F-11D3-BF4B-00C04F79EFBC}") = "Documento.BR.Extensions", "Documento.BR.Extensions\Documento.BR.Extensions.csproj", "{B5B75B92-813D-4C7B-92B0-4E9D49FF2E73}"
EndProject
Project("{2150E333-8FDC-42A3-9474-1A3956D46DE8}") = "src", "src", "{BCE25157-EDF4-4C91-A03E-1581DA04871A}"
EndProject
Global
	GlobalSection(SolutionConfigurationPlatforms) = preSolution
		Debug|Any CPU = Debug|Any CPU
		Release|Any CPU = Release|Any CPU
	EndGlobalSection
	GlobalSection(ProjectConfigurationPlatforms) = postSolution
		{8DB5A22F-7699-4E96-A65B-5016ECFAEF0C}.Debug|Any CPU.ActiveCfg = Debug|Any CPU
		{8DB5A22F-7699-4E96-A65B-5016ECFAEF0C}.Debug|Any CPU.Build.0 = Debug|Any CPU
		{8DB5A22F-7699-4E96-A65B-5016ECFAEF0C}.Release|Any CPU.ActiveCfg = Release|Any CPU
		{8DB5A22F-7699-4E96-A65B-5016ECFAEF0C}.Release|Any CPU.Build.0 = Release|Any CPU
		{B5B75B92-813D-4C7B-92B0-4E9D49FF2E73}.Debug|Any CPU.ActiveCfg = Debug|Any CPU
		{B5B75B92-813D-4C7B-92B0-4E9D49FF2E73}.Debug|Any CPU.Build.0 = Debug|Any CPU
		{B5B75B92-813D-4C7B-92B0-4E9D49FF2E73}.Release|Any CPU.ActiveCfg = Release|Any CPU
		{B5B75B92-813D-4C7B-92B0-4E9D49FF2E73}.Release|Any CPU.Build.0 = Release|Any CPU
	EndGlobalSection
	GlobalSection(SolutionProperties) = preSolution
		HideSolutionNode = FALSE
	EndGlobalSection
	GlobalSection(NestedProjects) = preSolution
		{8DB5A22F-7699-4E96-A65B-5016ECFAEF0C} = {BCE25157-EDF4-4C91-A03E-1581DA04871A}
		{B5B75B92-813D-4C7B-92B0-4E9D49FF2E73} = {90183E3F-A5CC-4C48-B1C5-D92ADC1E1322}
	EndGlobalSection
	GlobalSection(ExtensibilityGlobals) = postSolution
		SolutionGuid = {059CE9B2-1630-480F-9F78-81D172EBAFB5}
	EndGlobalSection
EndGlobal
